
Microsoft Visual Studio Solution File, Format Version 12.00
# Visual Studio Version 17
VisualStudioVersion = 17.3.32929.385
MinimumVisualStudioVersion = 10.0.40219.1
Project("{FAE04EC0-301F-11D3-BF4B-00C04F79EFBC}") = "ConsoleApp2", "ConsoleApp2\ConsoleApp2.csproj", "{43234A35-863F-4E78-A37D-FEA944667C0B}"
EndProject
Global
	GlobalSection(SolutionConfigurationPlatforms) = preSolution
		Debug|Any CPU = Debug|Any CPU
		Release|Any CPU = Release|Any CPU
	EndGlobalSection
	GlobalSection(ProjectConfigurationPlatforms) = postSolution
		{43234A35-863F-4E78-A37D-FEA944667C0B}.Debug|Any CPU.ActiveCfg = Debug|Any CPU
		{43234A35-863F-4E78-A37D-FEA944667C0B}.Debug|Any CPU.Build.0 = Debug|Any CPU
		{43234A35-863F-4E78-A37D-FEA944667C0B}.Release|Any CPU.ActiveCfg = Release|Any CPU
		{43234A35-863F-4E78-A37D-FEA944667C0B}.Release|Any CPU.Build.0 = Release|Any CPU
	EndGlobalSection
	GlobalSection(SolutionProperties) = preSolution
		HideSolutionNode = FALSE
	EndGlobalSection
	GlobalSection(ExtensibilityGlobals) = postSolution
		SolutionGuid = {60AD6A11-56A6-47C8-9D7B-EE751C731DAE}
	EndGlobalSection
EndGlobal
